
Microsoft Visual Studio Solution File, Format Version 12.00
# Visual Studio Version 17
VisualStudioVersion = 17.4.33213.308
MinimumVisualStudioVersion = 10.0.40219.1
Project("{FAE04EC0-301F-11D3-BF4B-00C04F79EFBC}") = "NZWalksAPI", "NZWalksAPI\NZWalksAPI.csproj", "{DA317A01-27D0-4DB0-9DE6-96FBEB749C18}"
EndProject
Global
	GlobalSection(SolutionConfigurationPlatforms) = preSolution
		Debug|Any CPU = Debug|Any CPU
		Release|Any CPU = Release|Any CPU
	EndGlobalSection
	GlobalSection(ProjectConfigurationPlatforms) = postSolution
		{DA317A01-27D0-4DB0-9DE6-96FBEB749C18}.Debug|Any CPU.ActiveCfg = Debug|Any CPU
		{DA317A01-27D0-4DB0-9DE6-96FBEB749C18}.Debug|Any CPU.Build.0 = Debug|Any CPU
		{DA317A01-27D0-4DB0-9DE6-96FBEB749C18}.Release|Any CPU.ActiveCfg = Release|Any CPU
		{DA317A01-27D0-4DB0-9DE6-96FBEB749C18}.Release|Any CPU.Build.0 = Release|Any CPU
	EndGlobalSection
	GlobalSection(SolutionProperties) = preSolution
		HideSolutionNode = FALSE
	EndGlobalSection
	GlobalSection(ExtensibilityGlobals) = postSolution
		SolutionGuid = {30053834-C252-4C6E-A794-95B09A6CC965}
	EndGlobalSection
EndGlobal
